
Microsoft Visual Studio Solution File, Format Version 12.00
# Visual Studio Version 17
VisualStudioVersion = 17.4.33205.214
MinimumVisualStudioVersion = 10.0.40219.1
Project("{FAE04EC0-301F-11D3-BF4B-00C04F79EFBC}") = "ConvertImagesToPdfv2", "ConvertImagesToPdfv2\ConvertImagesToPdfv2.csproj", "{0CFA0724-F3CA-4EE6-A4FC-A2AB32EFD9FE}"
EndProject
Global
	GlobalSection(SolutionConfigurationPlatforms) = preSolution
		Debug|Any CPU = Debug|Any CPU
		Debug|x86 = Debug|x86
		Release|Any CPU = Release|Any CPU
		Release|x86 = Release|x86
	EndGlobalSection
	GlobalSection(ProjectConfigurationPlatforms) = postSolution
		{0CFA0724-F3CA-4EE6-A4FC-A2AB32EFD9FE}.Debug|Any CPU.ActiveCfg = Debug|Any CPU
		{0CFA0724-F3CA-4EE6-A4FC-A2AB32EFD9FE}.Debug|Any CPU.Build.0 = Debug|Any CPU
		{0CFA0724-F3CA-4EE6-A4FC-A2AB32EFD9FE}.Debug|x86.ActiveCfg = Debug|x86
		{0CFA0724-F3CA-4EE6-A4FC-A2AB32EFD9FE}.Debug|x86.Build.0 = Debug|x86
		{0CFA0724-F3CA-4EE6-A4FC-A2AB32EFD9FE}.Release|Any CPU.ActiveCfg = Release|Any CPU
		{0CFA0724-F3CA-4EE6-A4FC-A2AB32EFD9FE}.Release|Any CPU.Build.0 = Release|Any CPU
		{0CFA0724-F3CA-4EE6-A4FC-A2AB32EFD9FE}.Release|x86.ActiveCfg = Release|x86
		{0CFA0724-F3CA-4EE6-A4FC-A2AB32EFD9FE}.Release|x86.Build.0 = Release|x86
	EndGlobalSection
	GlobalSection(SolutionProperties) = preSolution
		HideSolutionNode = FALSE
	EndGlobalSection
	GlobalSection(ExtensibilityGlobals) = postSolution
		SolutionGuid = {E9323794-497B-4CC5-9720-5C4D62EE520D}
	EndGlobalSection
EndGlobal
